
Microsoft Visual Studio Solution File, Format Version 12.00
# Visual Studio 15
VisualStudioVersion = 15.0.27703.2035
MinimumVisualStudioVersion = 10.0.40219.1
Project("{FAE04EC0-301F-11D3-BF4B-00C04F79EFBC}") = "Net4.7BalanceChecker", "Net4.7BalanceChecker\Net4.7BalanceChecker.csproj", "{6DEBFB36-179A-4F3E-B943-774252EA808D}"
EndProject
Global
	GlobalSection(SolutionConfigurationPlatforms) = preSolution
		Debug|Any CPU = Debug|Any CPU
		Release|Any CPU = Release|Any CPU
	EndGlobalSection
	GlobalSection(ProjectConfigurationPlatforms) = postSolution
		{6DEBFB36-179A-4F3E-B943-774252EA808D}.Debug|Any CPU.ActiveCfg = Debug|Any CPU
		{6DEBFB36-179A-4F3E-B943-774252EA808D}.Debug|Any CPU.Build.0 = Debug|Any CPU
		{6DEBFB36-179A-4F3E-B943-774252EA808D}.Release|Any CPU.ActiveCfg = Release|Any CPU
		{6DEBFB36-179A-4F3E-B943-774252EA808D}.Release|Any CPU.Build.0 = Release|Any CPU
	EndGlobalSection
	GlobalSection(SolutionProperties) = preSolution
		HideSolutionNode = FALSE
	EndGlobalSection
	GlobalSection(ExtensibilityGlobals) = postSolution
		SolutionGuid = {1140543A-DBE4-495F-9582-14438B036E58}
	EndGlobalSection
EndGlobal
